
Microsoft Visual Studio Solution File, Format Version 12.00
# Visual Studio 15
VisualStudioVersion = 15.0.28010.2041
MinimumVisualStudioVersion = 10.0.40219.1
Project("{FAE04EC0-301F-11D3-BF4B-00C04F79EFBC}") = "01_Create_Two_Tables_01_Codefirst", "01_Create_Two_Tables_01_Codefirst\01_Create_Two_Tables_01_Codefirst.csproj", "{B31F8CD5-AC94-4B06-945C-28E892086989}"
EndProject
Global
	GlobalSection(SolutionConfigurationPlatforms) = preSolution
		Debug|Any CPU = Debug|Any CPU
		Release|Any CPU = Release|Any CPU
	EndGlobalSection
	GlobalSection(ProjectConfigurationPlatforms) = postSolution
		{B31F8CD5-AC94-4B06-945C-28E892086989}.Debug|Any CPU.ActiveCfg = Debug|Any CPU
		{B31F8CD5-AC94-4B06-945C-28E892086989}.Debug|Any CPU.Build.0 = Debug|Any CPU
		{B31F8CD5-AC94-4B06-945C-28E892086989}.Release|Any CPU.ActiveCfg = Release|Any CPU
		{B31F8CD5-AC94-4B06-945C-28E892086989}.Release|Any CPU.Build.0 = Release|Any CPU
	EndGlobalSection
	GlobalSection(SolutionProperties) = preSolution
		HideSolutionNode = FALSE
	EndGlobalSection
	GlobalSection(ExtensibilityGlobals) = postSolution
		SolutionGuid = {B74BD94B-B67E-4DDE-BA15-E303F0810BFD}
	EndGlobalSection
EndGlobal
