
Microsoft Visual Studio Solution File, Format Version 12.00
# Visual Studio 15
VisualStudioVersion = 15.0.28010.2041
MinimumVisualStudioVersion = 10.0.40219.1
Project("{FAE04EC0-301F-11D3-BF4B-00C04F79EFBC}") = "01_Create_Two_Tables_01_Codefirst", "01_Create_Two_Tables_01_Codefirst\01_Create_Two_Tables_01_Codefirst.csproj", "{B31F8CD5-AC94-4B06-945C-28E892086989}"
EndProject
Project("{FAE04EC0-301F-11D3-BF4B-00C04F79EFBC}") = "01_Create_Two_Tables_02_Code_First_From_DB", "01_Create_Two_Tables_02_Database_First\01_Create_Two_Tables_02_Code_First_From_DB.csproj", "{889E384F-66CF-459A-AAFE-B8321CEF9FA9}"
EndProject
Project("{FAE04EC0-301F-11D3-BF4B-00C04F79EFBC}") = "01_Create_Two_Tables_03_Model_First", "01_Create_Two_Tables_03_Model_First\01_Create_Two_Tables_03_Model_First.csproj", "{FD3FFFC2-9949-4241-B7DD-58CC4174EA17}"
EndProject
Project("{FAE04EC0-301F-11D3-BF4B-00C04F79EFBC}") = "02_Connections_Football_CodeFirst", "02_Connections_Football_CodeFirst\02_Connections_Football_CodeFirst.csproj", "{5A739194-4BEE-4D20-A5E2-F840FA2287DB}"
EndProject
Project("{FAE04EC0-301F-11D3-BF4B-00C04F79EFBC}") = "02_Connections_Football_DB_First", "02_Connections_Football_DB_First\02_Connections_Football_DB_First.csproj", "{7C5F8446-61F6-4C10-B526-853A48F5B9CA}"
EndProject
Project("{FAE04EC0-301F-11D3-BF4B-00C04F79EFBC}") = "03_Fluent_API_Testing", "03_Fluent_API_Testing\03_Fluent_API_Testing.csproj", "{2A4EA2B4-D4D9-47ED-B23B-45DB3F73FEB5}"
EndProject
Project("{FAE04EC0-301F-11D3-BF4B-00C04F79EFBC}") = "03_Data_Annotations_Testing", "03_Data_Annotations_Testing\03_Data_Annotations_Testing.csproj", "{900E5942-9317-4D74-BB69-28BEBD368432}"
EndProject
Global
	GlobalSection(SolutionConfigurationPlatforms) = preSolution
		Debug|Any CPU = Debug|Any CPU
		Release|Any CPU = Release|Any CPU
	EndGlobalSection
	GlobalSection(ProjectConfigurationPlatforms) = postSolution
		{B31F8CD5-AC94-4B06-945C-28E892086989}.Debug|Any CPU.ActiveCfg = Debug|Any CPU
		{B31F8CD5-AC94-4B06-945C-28E892086989}.Debug|Any CPU.Build.0 = Debug|Any CPU
		{B31F8CD5-AC94-4B06-945C-28E892086989}.Release|Any CPU.ActiveCfg = Release|Any CPU
		{B31F8CD5-AC94-4B06-945C-28E892086989}.Release|Any CPU.Build.0 = Release|Any CPU
		{889E384F-66CF-459A-AAFE-B8321CEF9FA9}.Debug|Any CPU.ActiveCfg = Debug|Any CPU
		{889E384F-66CF-459A-AAFE-B8321CEF9FA9}.Debug|Any CPU.Build.0 = Debug|Any CPU
		{889E384F-66CF-459A-AAFE-B8321CEF9FA9}.Release|Any CPU.ActiveCfg = Release|Any CPU
		{889E384F-66CF-459A-AAFE-B8321CEF9FA9}.Release|Any CPU.Build.0 = Release|Any CPU
		{FD3FFFC2-9949-4241-B7DD-58CC4174EA17}.Debug|Any CPU.ActiveCfg = Debug|Any CPU
		{FD3FFFC2-9949-4241-B7DD-58CC4174EA17}.Debug|Any CPU.Build.0 = Debug|Any CPU
		{FD3FFFC2-9949-4241-B7DD-58CC4174EA17}.Release|Any CPU.ActiveCfg = Release|Any CPU
		{FD3FFFC2-9949-4241-B7DD-58CC4174EA17}.Release|Any CPU.Build.0 = Release|Any CPU
		{5A739194-4BEE-4D20-A5E2-F840FA2287DB}.Debug|Any CPU.ActiveCfg = Debug|Any CPU
		{5A739194-4BEE-4D20-A5E2-F840FA2287DB}.Debug|Any CPU.Build.0 = Debug|Any CPU
		{5A739194-4BEE-4D20-A5E2-F840FA2287DB}.Release|Any CPU.ActiveCfg = Release|Any CPU
		{5A739194-4BEE-4D20-A5E2-F840FA2287DB}.Release|Any CPU.Build.0 = Release|Any CPU
		{7C5F8446-61F6-4C10-B526-853A48F5B9CA}.Debug|Any CPU.ActiveCfg = Debug|Any CPU
		{7C5F8446-61F6-4C10-B526-853A48F5B9CA}.Debug|Any CPU.Build.0 = Debug|Any CPU
		{7C5F8446-61F6-4C10-B526-853A48F5B9CA}.Release|Any CPU.ActiveCfg = Release|Any CPU
		{7C5F8446-61F6-4C10-B526-853A48F5B9CA}.Release|Any CPU.Build.0 = Release|Any CPU
		{2A4EA2B4-D4D9-47ED-B23B-45DB3F73FEB5}.Debug|Any CPU.ActiveCfg = Debug|Any CPU
		{2A4EA2B4-D4D9-47ED-B23B-45DB3F73FEB5}.Debug|Any CPU.Build.0 = Debug|Any CPU
		{2A4EA2B4-D4D9-47ED-B23B-45DB3F73FEB5}.Release|Any CPU.ActiveCfg = Release|Any CPU
		{2A4EA2B4-D4D9-47ED-B23B-45DB3F73FEB5}.Release|Any CPU.Build.0 = Release|Any CPU
		{900E5942-9317-4D74-BB69-28BEBD368432}.Debug|Any CPU.ActiveCfg = Debug|Any CPU
		{900E5942-9317-4D74-BB69-28BEBD368432}.Debug|Any CPU.Build.0 = Debug|Any CPU
		{900E5942-9317-4D74-BB69-28BEBD368432}.Release|Any CPU.ActiveCfg = Release|Any CPU
		{900E5942-9317-4D74-BB69-28BEBD368432}.Release|Any CPU.Build.0 = Release|Any CPU
	EndGlobalSection
	GlobalSection(SolutionProperties) = preSolution
		HideSolutionNode = FALSE
	EndGlobalSection
	GlobalSection(ExtensibilityGlobals) = postSolution
		SolutionGuid = {B74BD94B-B67E-4DDE-BA15-E303F0810BFD}
	EndGlobalSection
EndGlobal
